// !$*UTF8*$!
{
	archiveVersion = 1;
	classes = {
	};
	objectVersion = 50;
	objects = {

/* Begin PBXBuildFile section */
		270EDEE820CD5EED00D68952 /* DataController.swift in Sources */ = {isa = PBXBuildFile; fileRef = 270EDEE720CD5EED00D68952 /* DataController.swift */; };
		270EDEEB20CD5F3500D68952 /* Constants.swift in Sources */ = {isa = PBXBuildFile; fileRef = 270EDEEA20CD5F3500D68952 /* Constants.swift */; };
		270EDEED20CD5FF300D68952 /* FlickrClient.swift in Sources */ = {isa = PBXBuildFile; fileRef = 270EDEEC20CD5FF300D68952 /* FlickrClient.swift */; };
		270EDEF720D0450F00D68952 /* PhotoCell.swift in Sources */ = {isa = PBXBuildFile; fileRef = 270EDEF620D0450F00D68952 /* PhotoCell.swift */; };
		270EDF0C20D1979E00D68952 /* Photo+CoreDataClass.swift in Sources */ = {isa = PBXBuildFile; fileRef = 270EDF0820D1979E00D68952 /* Photo+CoreDataClass.swift */; };
		270EDF0E20D1979E00D68952 /* Pin+CoreDataClass.swift in Sources */ = {isa = PBXBuildFile; fileRef = 270EDF0A20D1979E00D68952 /* Pin+CoreDataClass.swift */; };
		270EDF0F20D1979E00D68952 /* Pin+CoreDataProperties.swift in Sources */ = {isa = PBXBuildFile; fileRef = 270EDF0B20D1979E00D68952 /* Pin+CoreDataProperties.swift */; };
		270EDF1520D34AD500D68952 /* Photo+CoreDataProperties.swift in Sources */ = {isa = PBXBuildFile; fileRef = 270EDF1420D34AD500D68952 /* Photo+CoreDataProperties.swift */; };
		270EDF1720D34CB800D68952 /* CancelCellTask.swift in Sources */ = {isa = PBXBuildFile; fileRef = 270EDF1620D34CB800D68952 /* CancelCellTask.swift */; };
		2799C68420C9FAE70017AC75 /* AppDelegate.swift in Sources */ = {isa = PBXBuildFile; fileRef = 2799C68320C9FAE70017AC75 /* AppDelegate.swift */; };
		2799C68620C9FAE70017AC75 /* LocationsController.swift in Sources */ = {isa = PBXBuildFile; fileRef = 2799C68520C9FAE70017AC75 /* LocationsController.swift */; };
		2799C68920C9FAE70017AC75 /* Main.storyboard in Resources */ = {isa = PBXBuildFile; fileRef = 2799C68720C9FAE70017AC75 /* Main.storyboard */; };
		2799C68B20C9FAEA0017AC75 /* Assets.xcassets in Resources */ = {isa = PBXBuildFile; fileRef = 2799C68A20C9FAEA0017AC75 /* Assets.xcassets */; };
		2799C68E20C9FAEA0017AC75 /* LaunchScreen.storyboard in Resources */ = {isa = PBXBuildFile; fileRef = 2799C68C20C9FAEA0017AC75 /* LaunchScreen.storyboard */; };
		2799C69720CA03530017AC75 /* PhotoAlbumController.swift in Sources */ = {isa = PBXBuildFile; fileRef = 2799C69620CA03530017AC75 /* PhotoAlbumController.swift */; };
		2799C69F20CA04A50017AC75 /* VirtualTourist.xcdatamodeld in Sources */ = {isa = PBXBuildFile; fileRef = 2799C69D20CA04A50017AC75 /* VirtualTourist.xcdatamodeld */; };
/* End PBXBuildFile section */

/* Begin PBXFileReference section */
		270EDEE720CD5EED00D68952 /* DataController.swift */ = {isa = PBXFileReference; lastKnownFileType = sourcecode.swift; path = DataController.swift; sourceTree = "<group>"; };
		270EDEEA20CD5F3500D68952 /* Constants.swift */ = {isa = PBXFileReference; lastKnownFileType = sourcecode.swift; path = Constants.swift; sourceTree = "<group>"; };
		270EDEEC20CD5FF300D68952 /* FlickrClient.swift */ = {isa = PBXFileReference; lastKnownFileType = sourcecode.swift; path = FlickrClient.swift; sourceTree = "<group>"; };
		270EDEF620D0450F00D68952 /* PhotoCell.swift */ = {isa = PBXFileReference; lastKnownFileType = sourcecode.swift; path = PhotoCell.swift; sourceTree = "<group>"; };
		270EDF0820D1979E00D68952 /* Photo+CoreDataClass.swift */ = {isa = PBXFileReference; lastKnownFileType = sourcecode.swift; path = "Photo+CoreDataClass.swift"; sourceTree = "<group>"; };
		270EDF0A20D1979E00D68952 /* Pin+CoreDataClass.swift */ = {isa = PBXFileReference; lastKnownFileType = sourcecode.swift; path = "Pin+CoreDataClass.swift"; sourceTree = "<group>"; };
		270EDF0B20D1979E00D68952 /* Pin+CoreDataProperties.swift */ = {isa = PBXFileReference; lastKnownFileType = sourcecode.swift; path = "Pin+CoreDataProperties.swift"; sourceTree = "<group>"; };
		270EDF1420D34AD500D68952 /* Photo+CoreDataProperties.swift */ = {isa = PBXFileReference; fileEncoding = 4; lastKnownFileType = sourcecode.swift; path = "Photo+CoreDataProperties.swift"; sourceTree = "<group>"; };
		270EDF1620D34CB800D68952 /* CancelCellTask.swift */ = {isa = PBXFileReference; lastKnownFileType = sourcecode.swift; path = CancelCellTask.swift; sourceTree = "<group>"; };
		2799C68020C9FAE70017AC75 /* VirtualTourist.app */ = {isa = PBXFileReference; explicitFileType = wrapper.application; includeInIndex = 0; path = VirtualTourist.app; sourceTree = BUILT_PRODUCTS_DIR; };
		2799C68320C9FAE70017AC75 /* AppDelegate.swift */ = {isa = PBXFileReference; lastKnownFileType = sourcecode.swift; path = AppDelegate.swift; sourceTree = "<group>"; };
		2799C68520C9FAE70017AC75 /* LocationsController.swift */ = {isa = PBXFileReference; lastKnownFileType = sourcecode.swift; path = LocationsController.swift; sourceTree = "<group>"; };
		2799C68820C9FAE70017AC75 /* Base */ = {isa = PBXFileReference; lastKnownFileType = file.storyboard; name = Base; path = Base.lproj/Main.storyboard; sourceTree = "<group>"; };
		2799C68A20C9FAEA0017AC75 /* Assets.xcassets */ = {isa = PBXFileReference; lastKnownFileType = folder.assetcatalog; path = Assets.xcassets; sourceTree = "<group>"; };
		2799C68D20C9FAEA0017AC75 /* Base */ = {isa = PBXFileReference; lastKnownFileType = file.storyboard; name = Base; path = Base.lproj/LaunchScreen.storyboard; sourceTree = "<group>"; };
		2799C68F20C9FAEA0017AC75 /* Info.plist */ = {isa = PBXFileReference; lastKnownFileType = text.plist.xml; path = Info.plist; sourceTree = "<group>"; };
		2799C69620CA03530017AC75 /* PhotoAlbumController.swift */ = {isa = PBXFileReference; lastKnownFileType = sourcecode.swift; path = PhotoAlbumController.swift; sourceTree = "<group>"; };
		2799C69E20CA04A50017AC75 /* VirtualTourist.xcdatamodel */ = {isa = PBXFileReference; lastKnownFileType = wrapper.xcdatamodel; path = VirtualTourist.xcdatamodel; sourceTree = "<group>"; };
/* End PBXFileReference section */

/* Begin PBXFrameworksBuildPhase section */
		2799C67D20C9FAE70017AC75 /* Frameworks */ = {
			isa = PBXFrameworksBuildPhase;
			buildActionMask = 2147483647;
			files = (
			);
			runOnlyForDeploymentPostprocessing = 0;
		};
/* End PBXFrameworksBuildPhase section */

/* Begin PBXGroup section */
		270EDEE920CD5F0D00D68952 /* Service */ = {
			isa = PBXGroup;
			children = (
				270EDEEA20CD5F3500D68952 /* Constants.swift */,
				270EDEEC20CD5FF300D68952 /* FlickrClient.swift */,
			);
			path = Service;
			sourceTree = "<group>";
		};
		2799C67720C9FAE70017AC75 = {
			isa = PBXGroup;
			children = (
				2799C68220C9FAE70017AC75 /* VirtualTourist */,
				2799C68120C9FAE70017AC75 /* Products */,
			);
			sourceTree = "<group>";
		};
		2799C68120C9FAE70017AC75 /* Products */ = {
			isa = PBXGroup;
			children = (
				2799C68020C9FAE70017AC75 /* VirtualTourist.app */,
			);
			name = Products;
			sourceTree = "<group>";
		};
		2799C68220C9FAE70017AC75 /* VirtualTourist */ = {
			isa = PBXGroup;
			children = (
				2799C68320C9FAE70017AC75 /* AppDelegate.swift */,
				2799C69820CA03FC0017AC75 /* Model */,
				2799C69920CA04040017AC75 /* View */,
				2799C69520CA03070017AC75 /* Controller */,
				270EDEE920CD5F0D00D68952 /* Service */,
				2799C6A020CA06AC0017AC75 /* Supporting Files */,
			);
			path = VirtualTourist;
			sourceTree = "<group>";
		};
		2799C69520CA03070017AC75 /* Controller */ = {
			isa = PBXGroup;
			children = (
				2799C68520C9FAE70017AC75 /* LocationsController.swift */,
				2799C69620CA03530017AC75 /* PhotoAlbumController.swift */,
			);
			path = Controller;
			sourceTree = "<group>";
		};
		2799C69820CA03FC0017AC75 /* Model */ = {
			isa = PBXGroup;
			children = (
				2799C69D20CA04A50017AC75 /* VirtualTourist.xcdatamodeld */,
				270EDF1420D34AD500D68952 /* Photo+CoreDataProperties.swift */,
				270EDF0820D1979E00D68952 /* Photo+CoreDataClass.swift */,
				270EDF0A20D1979E00D68952 /* Pin+CoreDataClass.swift */,
				270EDF0B20D1979E00D68952 /* Pin+CoreDataProperties.swift */,
				270EDEE720CD5EED00D68952 /* DataController.swift */,
			);
			path = Model;
			sourceTree = "<group>";
		};
		2799C69920CA04040017AC75 /* View */ = {
			isa = PBXGroup;
			children = (
				270EDEF620D0450F00D68952 /* PhotoCell.swift */,
				270EDF1620D34CB800D68952 /* CancelCellTask.swift */,
			);
			path = View;
			sourceTree = "<group>";
		};
		2799C6A020CA06AC0017AC75 /* Supporting Files */ = {
			isa = PBXGroup;
			children = (
				2799C68720C9FAE70017AC75 /* Main.storyboard */,
				2799C68A20C9FAEA0017AC75 /* Assets.xcassets */,
				2799C68C20C9FAEA0017AC75 /* LaunchScreen.storyboard */,
				2799C68F20C9FAEA0017AC75 /* Info.plist */,
			);
			path = "Supporting Files";
			sourceTree = "<group>";
		};
/* End PBXGroup section */

/* Begin PBXNativeTarget section */
		2799C67F20C9FAE70017AC75 /* VirtualTourist */ = {
			isa = PBXNativeTarget;
			buildConfigurationList = 2799C69220C9FAEA0017AC75 /* Build configuration list for PBXNativeTarget "VirtualTourist" */;
			buildPhases = (
				2799C67C20C9FAE70017AC75 /* Sources */,
				2799C67D20C9FAE70017AC75 /* Frameworks */,
				2799C67E20C9FAE70017AC75 /* Resources */,
			);
			buildRules = (
			);
			dependencies = (
			);
			name = VirtualTourist;
			productName = VirtualTourist;
			productReference = 2799C68020C9FAE70017AC75 /* VirtualTourist.app */;
			productType = "com.apple.product-type.application";
		};
/* End PBXNativeTarget section */

/* Begin PBXProject section */
		2799C67820C9FAE70017AC75 /* Project object */ = {
			isa = PBXProject;
			attributes = {
				LastSwiftUpdateCheck = 0940;
				LastUpgradeCheck = 0940;
				ORGANIZATIONNAME = "Kyle Stokes";
				TargetAttributes = {
					2799C67F20C9FAE70017AC75 = {
						CreatedOnToolsVersion = 9.4;
					};
				};
			};
			buildConfigurationList = 2799C67B20C9FAE70017AC75 /* Build configuration list for PBXProject "VirtualTourist" */;
			compatibilityVersion = "Xcode 9.3";
			developmentRegion = en;
			hasScannedForEncodings = 0;
			knownRegions = (
				en,
				Base,
			);
			mainGroup = 2799C67720C9FAE70017AC75;
			productRefGroup = 2799C68120C9FAE70017AC75 /* Products */;
			projectDirPath = "";
			projectRoot = "";
			targets = (
				2799C67F20C9FAE70017AC75 /* VirtualTourist */,
			);
		};
/* End PBXProject section */

/* Begin PBXResourcesBuildPhase section */
		2799C67E20C9FAE70017AC75 /* Resources */ = {
			isa = PBXResourcesBuildPhase;
			buildActionMask = 2147483647;
			files = (
				2799C68E20C9FAEA0017AC75 /* LaunchScreen.storyboard in Resources */,
				2799C68B20C9FAEA0017AC75 /* Assets.xcassets in Resources */,
				2799C68920C9FAE70017AC75 /* Main.storyboard in Resources */,
			);
			runOnlyForDeploymentPostprocessing = 0;
		};
/* End PBXResourcesBuildPhase section */

/* Begin PBXSourcesBuildPhase section */
		2799C67C20C9FAE70017AC75 /* Sources */ = {
			isa = PBXSourcesBuildPhase;
			buildActionMask = 2147483647;
			files = (
				270EDEE820CD5EED00D68952 /* DataController.swift in Sources */,
				270EDF0F20D1979E00D68952 /* Pin+CoreDataProperties.swift in Sources */,
				270EDEF720D0450F00D68952 /* PhotoCell.swift in Sources */,
				270EDF0E20D1979E00D68952 /* Pin+CoreDataClass.swift in Sources */,
				2799C69F20CA04A50017AC75 /* VirtualTourist.xcdatamodeld in Sources */,
				270EDF1720D34CB800D68952 /* CancelCellTask.swift in Sources */,
				270EDEED20CD5FF300D68952 /* FlickrClient.swift in Sources */,
				270EDF1520D34AD500D68952 /* Photo+CoreDataProperties.swift in Sources */,
				2799C68620C9FAE70017AC75 /* LocationsController.swift in Sources */,
				2799C69720CA03530017AC75 /* PhotoAlbumController.swift in Sources */,
				270EDF0C20D1979E00D68952 /* Photo+CoreDataClass.swift in Sources */,
				270EDEEB20CD5F3500D68952 /* Constants.swift in Sources */,
				2799C68420C9FAE70017AC75 /* AppDelegate.swift in Sources */,
			);
			runOnlyForDeploymentPostprocessing = 0;
		};
/* End PBXSourcesBuildPhase section */

/* Begin PBXVariantGroup section */
		2799C68720C9FAE70017AC75 /* Main.storyboard */ = {
			isa = PBXVariantGroup;
			children = (
				2799C68820C9FAE70017AC75 /* Base */,
			);
			name = Main.storyboard;
			sourceTree = "<group>";
		};
		2799C68C20C9FAEA0017AC75 /* LaunchScreen.storyboard */ = {
			isa = PBXVariantGroup;
			children = (
				2799C68D20C9FAEA0017AC75 /* Base */,
			);
			name = LaunchScreen.storyboard;
			sourceTree = "<group>";
		};
/* End PBXVariantGroup section */

/* Begin XCBuildConfiguration section */
		2799C69020C9FAEA0017AC75 /* Debug */ = {
			isa = XCBuildConfiguration;
			buildSettings = {
				ALWAYS_SEARCH_USER_PATHS = NO;
				CLANG_ANALYZER_NONNULL = YES;
				CLANG_ANALYZER_NUMBER_OBJECT_CONVERSION = YES_AGGRESSIVE;
				CLANG_CXX_LANGUAGE_STANDARD = "gnu++14";
				CLANG_CXX_LIBRARY = "libc++";
				CLANG_ENABLE_MODULES = YES;
				CLANG_ENABLE_OBJC_ARC = YES;
				CLANG_ENABLE_OBJC_WEAK = YES;
				CLANG_WARN_BLOCK_CAPTURE_AUTORELEASING = YES;
				CLANG_WARN_BOOL_CONVERSION = YES;
				CLANG_WARN_COMMA = YES;
				CLANG_WARN_CONSTANT_CONVERSION = YES;
				CLANG_WARN_DEPRECATED_OBJC_IMPLEMENTATIONS = YES;
				CLANG_WARN_DIRECT_OBJC_ISA_USAGE = YES_ERROR;
				CLANG_WARN_DOCUMENTATION_COMMENTS = YES;
				CLANG_WARN_EMPTY_BODY = YES;
				CLANG_WARN_ENUM_CONVERSION = YES;
				CLANG_WARN_INFINITE_RECURSION = YES;
				CLANG_WARN_INT_CONVERSION = YES;
				CLANG_WARN_NON_LITERAL_NULL_CONVERSION = YES;
				CLANG_WARN_OBJC_IMPLICIT_RETAIN_SELF = YES;
				CLANG_WARN_OBJC_LITERAL_CONVERSION = YES;
				CLANG_WARN_OBJC_ROOT_CLASS = YES_ERROR;
				CLANG_WARN_RANGE_LOOP_ANALYSIS = YES;
				CLANG_WARN_STRICT_PROTOTYPES = YES;
				CLANG_WARN_SUSPICIOUS_MOVE = YES;
				CLANG_WARN_UNGUARDED_AVAILABILITY = YES_AGGRESSIVE;
				CLANG_WARN_UNREACHABLE_CODE = YES;
				CLANG_WARN__DUPLICATE_METHOD_MATCH = YES;
				CODE_SIGN_IDENTITY = "iPhone Developer";
				COPY_PHASE_STRIP = NO;
				DEBUG_INFORMATION_FORMAT = dwarf;
				ENABLE_STRICT_OBJC_MSGSEND = YES;
				ENABLE_TESTABILITY = YES;
				GCC_C_LANGUAGE_STANDARD = gnu11;
				GCC_DYNAMIC_NO_PIC = NO;
				GCC_NO_COMMON_BLOCKS = YES;
				GCC_OPTIMIZATION_LEVEL = 0;
				GCC_PREPROCESSOR_DEFINITIONS = (
					"DEBUG=1",
					"$(inherited)",
				);
				GCC_WARN_64_TO_32_BIT_CONVERSION = YES;
				GCC_WARN_ABOUT_RETURN_TYPE = YES_ERROR;
				GCC_WARN_UNDECLARED_SELECTOR = YES;
				GCC_WARN_UNINITIALIZED_AUTOS = YES_AGGRESSIVE;
				GCC_WARN_UNUSED_FUNCTION = YES;
				GCC_WARN_UNUSED_VARIABLE = YES;
				IPHONEOS_DEPLOYMENT_TARGET = 11.4;
				MTL_ENABLE_DEBUG_INFO = YES;
				ONLY_ACTIVE_ARCH = YES;
				SDKROOT = iphoneos;
				SWIFT_ACTIVE_COMPILATION_CONDITIONS = DEBUG;
				SWIFT_OPTIMIZATION_LEVEL = "-Onone";
			};
			name = Debug;
		};
		2799C69120C9FAEA0017AC75 /* Release */ = {
			isa = XCBuildConfiguration;
			buildSettings = {
				ALWAYS_SEARCH_USER_PATHS = NO;
				CLANG_ANALYZER_NONNULL = YES;
				CLANG_ANALYZER_NUMBER_OBJECT_CONVERSION = YES_AGGRESSIVE;
				CLANG_CXX_LANGUAGE_STANDARD = "gnu++14";
				CLANG_CXX_LIBRARY = "libc++";
				CLANG_ENABLE_MODULES = YES;
				CLANG_ENABLE_OBJC_ARC = YES;
				CLANG_ENABLE_OBJC_WEAK = YES;
				CLANG_WARN_BLOCK_CAPTURE_AUTORELEASING = YES;
				CLANG_WARN_BOOL_CONVERSION = YES;
				CLANG_WARN_COMMA = YES;
				CLANG_WARN_CONSTANT_CONVERSION = YES;
				CLANG_WARN_DEPRECATED_OBJC_IMPLEMENTATIONS = YES;
				CLANG_WARN_DIRECT_OBJC_ISA_USAGE = YES_ERROR;
				CLANG_WARN_DOCUMENTATION_COMMENTS = YES;
				CLANG_WARN_EMPTY_BODY = YES;
				CLANG_WARN_ENUM_CONVERSION = YES;
				CLANG_WARN_INFINITE_RECURSION = YES;
				CLANG_WARN_INT_CONVERSION = YES;
				CLANG_WARN_NON_LITERAL_NULL_CONVERSION = YES;
				CLANG_WARN_OBJC_IMPLICIT_RETAIN_SELF = YES;
				CLANG_WARN_OBJC_LITERAL_CONVERSION = YES;
				CLANG_WARN_OBJC_ROOT_CLASS = YES_ERROR;
				CLANG_WARN_RANGE_LOOP_ANALYSIS = YES;
				CLANG_WARN_STRICT_PROTOTYPES = YES;
				CLANG_WARN_SUSPICIOUS_MOVE = YES;
				CLANG_WARN_UNGUARDED_AVAILABILITY = YES_AGGRESSIVE;
				CLANG_WARN_UNREACHABLE_CODE = YES;
				CLANG_WARN__DUPLICATE_METHOD_MATCH = YES;
				CODE_SIGN_IDENTITY = "iPhone Developer";
				COPY_PHASE_STRIP = NO;
				DEBUG_INFORMATION_FORMAT = "dwarf-with-dsym";
				ENABLE_NS_ASSERTIONS = NO;
				ENABLE_STRICT_OBJC_MSGSEND = YES;
				GCC_C_LANGUAGE_STANDARD = gnu11;
				GCC_NO_COMMON_BLOCKS = YES;
				GCC_WARN_64_TO_32_BIT_CONVERSION = YES;
				GCC_WARN_ABOUT_RETURN_TYPE = YES_ERROR;
				GCC_WARN_UNDECLARED_SELECTOR = YES;
				GCC_WARN_UNINITIALIZED_AUTOS = YES_AGGRESSIVE;
				GCC_WARN_UNUSED_FUNCTION = YES;
				GCC_WARN_UNUSED_VARIABLE = YES;
				IPHONEOS_DEPLOYMENT_TARGET = 11.4;
				MTL_ENABLE_DEBUG_INFO = NO;
				SDKROOT = iphoneos;
				SWIFT_COMPILATION_MODE = wholemodule;
				SWIFT_OPTIMIZATION_LEVEL = "-O";
				VALIDATE_PRODUCT = YES;
			};
			name = Release;
		};
		2799C69320C9FAEA0017AC75 /* Debug */ = {
			isa = XCBuildConfiguration;
			buildSettings = {
				ASSETCATALOG_COMPILER_APPICON_NAME = AppIcon;
				CODE_SIGN_STYLE = Automatic;
				DEVELOPMENT_TEAM = 7TH488PB2F;
				INFOPLIST_FILE = "$(SRCROOT)/VirtualTourist/Supporting Files/Info.plist";
				LD_RUNPATH_SEARCH_PATHS = (
					"$(inherited)",
					"@executable_path/Frameworks",
				);
				PRODUCT_BUNDLE_IDENTIFIER = io.kylestokes.VirtualTourist;
				PRODUCT_NAME = "$(TARGET_NAME)";
				SWIFT_VERSION = 4.0;
				TARGETED_DEVICE_FAMILY = "1,2";
			};
			name = Debug;
		};
		2799C69420C9FAEA0017AC75 /* Release */ = {
			isa = XCBuildConfiguration;
			buildSettings = {
				ASSETCATALOG_COMPILER_APPICON_NAME = AppIcon;
				CODE_SIGN_STYLE = Automatic;
				DEVELOPMENT_TEAM = 7TH488PB2F;
				INFOPLIST_FILE = "$(SRCROOT)/VirtualTourist/Supporting Files/Info.plist";
				LD_RUNPATH_SEARCH_PATHS = (
					"$(inherited)",
					"@executable_path/Frameworks",
				);
				PRODUCT_BUNDLE_IDENTIFIER = io.kylestokes.VirtualTourist;
				PRODUCT_NAME = "$(TARGET_NAME)";
				SWIFT_VERSION = 4.0;
				TARGETED_DEVICE_FAMILY = "1,2";
			};
			name = Release;
		};
/* End XCBuildConfiguration section */

/* Begin XCConfigurationList section */
		2799C67B20C9FAE70017AC75 /* Build configuration list for PBXProject "VirtualTourist" */ = {
			isa = XCConfigurationList;
			buildConfigurations = (
				2799C69020C9FAEA0017AC75 /* Debug */,
				2799C69120C9FAEA0017AC75 /* Release */,
			);
			defaultConfigurationIsVisible = 0;
			defaultConfigurationName = Release;
		};
		2799C69220C9FAEA0017AC75 /* Build configuration list for PBXNativeTarget "VirtualTourist" */ = {
			isa = XCConfigurationList;
			buildConfigurations = (
				2799C69320C9FAEA0017AC75 /* Debug */,
				2799C69420C9FAEA0017AC75 /* Release */,
			);
			defaultConfigurationIsVisible = 0;
			defaultConfigurationName = Release;
		};
/* End XCConfigurationList section */

/* Begin XCVersionGroup section */
		2799C69D20CA04A50017AC75 /* VirtualTourist.xcdatamodeld */ = {
			isa = XCVersionGroup;
			children = (
				2799C69E20CA04A50017AC75 /* VirtualTourist.xcdatamodel */,
			);
			currentVersion = 2799C69E20CA04A50017AC75 /* VirtualTourist.xcdatamodel */;
			path = VirtualTourist.xcdatamodeld;
			sourceTree = "<group>";
			versionGroupType = wrapper.xcdatamodel;
		};
/* End XCVersionGroup section */
	};
	rootObject = 2799C67820C9FAE70017AC75 /* Project object */;
}
